// !$*UTF8*$!
{
	archiveVersion = 1;
	classes = {
	};
	objectVersion = 50;
	objects = {

/* Begin PBXBuildFile section */
		59364FF924C4A7AC00DC4C41 /* background.jpg in Resources */ = {isa = PBXBuildFile; fileRef = 59364FF824C4A7AC00DC4C41 /* background.jpg */; };
		5968B5CC24D70A320015FEB1 /* AppDelegate.swift in Sources */ = {isa = PBXBuildFile; fileRef = 59FE860124C2A47B00758B49 /* AppDelegate.swift */; };
		5968B5CD24D70A320015FEB1 /* MainViewController.swift in Sources */ = {isa = PBXBuildFile; fileRef = 59364FF424C4A3A700DC4C41 /* MainViewController.swift */; };
		5968B5CE24D70A320015FEB1 /* SpeciesCell.swift in Sources */ = {isa = PBXBuildFile; fileRef = 59DA8A9E24CA6D610006C626 /* SpeciesCell.swift */; };
		5968B5CF24D70A320015FEB1 /* SpeciesVC.swift in Sources */ = {isa = PBXBuildFile; fileRef = 59DA8AA024CA6D750006C626 /* SpeciesVC.swift */; };
		5968B5D024D70A320015FEB1 /* StarshipsVC.swift in Sources */ = {isa = PBXBuildFile; fileRef = 59DA8A9924CA51860006C626 /* StarshipsVC.swift */; };
		5968B5D124D70A320015FEB1 /* StarshipCell.swift in Sources */ = {isa = PBXBuildFile; fileRef = 59DA8A9B24CA51980006C626 /* StarshipCell.swift */; };
		5968B5D224D70A320015FEB1 /* PlanetVC.swift in Sources */ = {isa = PBXBuildFile; fileRef = 59DA8A9424CA39F10006C626 /* PlanetVC.swift */; };
		5968B5D324D70A320015FEB1 /* PlanetCell.swift in Sources */ = {isa = PBXBuildFile; fileRef = 59DA8A9624CA3A130006C626 /* PlanetCell.swift */; };
		5968B5D424D70A320015FEB1 /* FilmViewController.swift in Sources */ = {isa = PBXBuildFile; fileRef = 59D48E0124C64216006692AB /* FilmViewController.swift */; };
		5968B5D524D70A320015FEB1 /* DetailedFilmVC.swift in Sources */ = {isa = PBXBuildFile; fileRef = 59D48E1024C6C5CC006692AB /* DetailedFilmVC.swift */; };
		5968B5D624D70A320015FEB1 /* FilmCell.swift in Sources */ = {isa = PBXBuildFile; fileRef = 59D48E0724C64492006692AB /* FilmCell.swift */; };
		5968B5D724D70A320015FEB1 /* PeopleTableVC.swift in Sources */ = {isa = PBXBuildFile; fileRef = 59D48E0C24C692F5006692AB /* PeopleTableVC.swift */; };
		5968B5D824D70A320015FEB1 /* PeopleCell.swift in Sources */ = {isa = PBXBuildFile; fileRef = 59D48E0E24C69633006692AB /* PeopleCell.swift */; };
		5968B5D924D70A320015FEB1 /* HomeViewController copy.swift in Sources */ = {isa = PBXBuildFile; fileRef = 5936500E24C52B4C00DC4C41 /* HomeViewController copy.swift */; };
		5968B5DA24D70A320015FEB1 /* HomeCell.swift in Sources */ = {isa = PBXBuildFile; fileRef = 5936501024C537DD00DC4C41 /* HomeCell.swift */; };
		5968B5DB24D70A320015FEB1 /* NetworkManager.swift in Sources */ = {isa = PBXBuildFile; fileRef = 59D48E0924C646CA006692AB /* NetworkManager.swift */; };
		5968B5DD24D70A320015FEB1 /* APIResponses.swift in Sources */ = {isa = PBXBuildFile; fileRef = 59D48E0324C643D3006692AB /* APIResponses.swift */; };
		5968B5DE24D70A320015FEB1 /* background.jpg in Sources */ = {isa = PBXBuildFile; fileRef = 59364FF824C4A7AC00DC4C41 /* background.jpg */; };
		5968B5E624D70ACF0015FEB1 /* Category.swift in Sources */ = {isa = PBXBuildFile; fileRef = 5968B5E524D70ACF0015FEB1 /* Category.swift */; };
		5968B5E924D77CAE0015FEB1 /* VehiclesVC.swift in Sources */ = {isa = PBXBuildFile; fileRef = 5968B5E824D77CAE0015FEB1 /* VehiclesVC.swift */; };
		5968B5EB24D77D070015FEB1 /* VehicleCell.swift in Sources */ = {isa = PBXBuildFile; fileRef = 5968B5EA24D77D070015FEB1 /* VehicleCell.swift */; };
		59695E4A24D5ADE600BBDAD5 /* Default-568h@2x.png in Resources */ = {isa = PBXBuildFile; fileRef = 59695E4924D5ADE600BBDAD5 /* Default-568h@2x.png */; };
		59FE860924C2A47B00758B49 /* Main.storyboard in Resources */ = {isa = PBXBuildFile; fileRef = 59FE860724C2A47B00758B49 /* Main.storyboard */; };
		59FE860B24C2A47F00758B49 /* Assets.xcassets in Resources */ = {isa = PBXBuildFile; fileRef = 59FE860A24C2A47F00758B49 /* Assets.xcassets */; };
		59FE860E24C2A47F00758B49 /* LaunchScreen.storyboard in Resources */ = {isa = PBXBuildFile; fileRef = 59FE860C24C2A47F00758B49 /* LaunchScreen.storyboard */; };
/* End PBXBuildFile section */

/* Begin PBXFileReference section */
		59364FF424C4A3A700DC4C41 /* MainViewController.swift */ = {isa = PBXFileReference; lastKnownFileType = sourcecode.swift; path = MainViewController.swift; sourceTree = "<group>"; };
		59364FF824C4A7AC00DC4C41 /* background.jpg */ = {isa = PBXFileReference; lastKnownFileType = image.jpeg; path = background.jpg; sourceTree = "<group>"; };
		5936500E24C52B4C00DC4C41 /* HomeViewController copy.swift */ = {isa = PBXFileReference; fileEncoding = 4; lastKnownFileType = sourcecode.swift; path = "HomeViewController copy.swift"; sourceTree = "<group>"; };
		5936501024C537DD00DC4C41 /* HomeCell.swift */ = {isa = PBXFileReference; lastKnownFileType = sourcecode.swift; path = HomeCell.swift; sourceTree = "<group>"; };
		5968B5E524D70ACF0015FEB1 /* Category.swift */ = {isa = PBXFileReference; lastKnownFileType = sourcecode.swift; path = Category.swift; sourceTree = "<group>"; };
		5968B5E824D77CAE0015FEB1 /* VehiclesVC.swift */ = {isa = PBXFileReference; lastKnownFileType = sourcecode.swift; path = VehiclesVC.swift; sourceTree = "<group>"; };
		5968B5EA24D77D070015FEB1 /* VehicleCell.swift */ = {isa = PBXFileReference; lastKnownFileType = sourcecode.swift; path = VehicleCell.swift; sourceTree = "<group>"; };
		59695E4924D5ADE600BBDAD5 /* Default-568h@2x.png */ = {isa = PBXFileReference; lastKnownFileType = image.png; path = "Default-568h@2x.png"; sourceTree = "<group>"; };
		59D48E0124C64216006692AB /* FilmViewController.swift */ = {isa = PBXFileReference; lastKnownFileType = sourcecode.swift; path = FilmViewController.swift; sourceTree = "<group>"; };
		59D48E0324C643D3006692AB /* APIResponses.swift */ = {isa = PBXFileReference; lastKnownFileType = sourcecode.swift; path = APIResponses.swift; sourceTree = "<group>"; };
		59D48E0724C64492006692AB /* FilmCell.swift */ = {isa = PBXFileReference; lastKnownFileType = sourcecode.swift; path = FilmCell.swift; sourceTree = "<group>"; };
		59D48E0924C646CA006692AB /* NetworkManager.swift */ = {isa = PBXFileReference; lastKnownFileType = sourcecode.swift; path = NetworkManager.swift; sourceTree = "<group>"; };
		59D48E0C24C692F5006692AB /* PeopleTableVC.swift */ = {isa = PBXFileReference; lastKnownFileType = sourcecode.swift; path = PeopleTableVC.swift; sourceTree = "<group>"; };
		59D48E0E24C69633006692AB /* PeopleCell.swift */ = {isa = PBXFileReference; lastKnownFileType = sourcecode.swift; path = PeopleCell.swift; sourceTree = "<group>"; };
		59D48E1024C6C5CC006692AB /* DetailedFilmVC.swift */ = {isa = PBXFileReference; lastKnownFileType = sourcecode.swift; path = DetailedFilmVC.swift; sourceTree = "<group>"; };
		59DA8A9424CA39F10006C626 /* PlanetVC.swift */ = {isa = PBXFileReference; lastKnownFileType = sourcecode.swift; path = PlanetVC.swift; sourceTree = "<group>"; };
		59DA8A9624CA3A130006C626 /* PlanetCell.swift */ = {isa = PBXFileReference; lastKnownFileType = sourcecode.swift; path = PlanetCell.swift; sourceTree = "<group>"; };
		59DA8A9924CA51860006C626 /* StarshipsVC.swift */ = {isa = PBXFileReference; lastKnownFileType = sourcecode.swift; path = StarshipsVC.swift; sourceTree = "<group>"; };
		59DA8A9B24CA51980006C626 /* StarshipCell.swift */ = {isa = PBXFileReference; lastKnownFileType = sourcecode.swift; path = StarshipCell.swift; sourceTree = "<group>"; };
		59DA8A9E24CA6D610006C626 /* SpeciesCell.swift */ = {isa = PBXFileReference; lastKnownFileType = sourcecode.swift; path = SpeciesCell.swift; sourceTree = "<group>"; };
		59DA8AA024CA6D750006C626 /* SpeciesVC.swift */ = {isa = PBXFileReference; lastKnownFileType = sourcecode.swift; path = SpeciesVC.swift; sourceTree = "<group>"; };
		59FE85FE24C2A47B00758B49 /* StarWarsApp.app */ = {isa = PBXFileReference; explicitFileType = wrapper.application; includeInIndex = 0; path = StarWarsApp.app; sourceTree = BUILT_PRODUCTS_DIR; };
		59FE860124C2A47B00758B49 /* AppDelegate.swift */ = {isa = PBXFileReference; lastKnownFileType = sourcecode.swift; path = AppDelegate.swift; sourceTree = "<group>"; };
		59FE860824C2A47B00758B49 /* Base */ = {isa = PBXFileReference; lastKnownFileType = file.storyboard; name = Base; path = Base.lproj/Main.storyboard; sourceTree = "<group>"; };
		59FE860A24C2A47F00758B49 /* Assets.xcassets */ = {isa = PBXFileReference; lastKnownFileType = folder.assetcatalog; path = Assets.xcassets; sourceTree = "<group>"; };
		59FE860D24C2A47F00758B49 /* Base */ = {isa = PBXFileReference; lastKnownFileType = file.storyboard; name = Base; path = Base.lproj/LaunchScreen.storyboard; sourceTree = "<group>"; };
		78C2842624D5F25B008957B0 /* Info.plist */ = {isa = PBXFileReference; fileEncoding = 4; lastKnownFileType = text.plist.xml; path = Info.plist; sourceTree = "<group>"; };
/* End PBXFileReference section */

/* Begin PBXFrameworksBuildPhase section */
		59FE85FB24C2A47B00758B49 /* Frameworks */ = {
			isa = PBXFrameworksBuildPhase;
			buildActionMask = 2147483647;
			files = (
			);
			runOnlyForDeploymentPostprocessing = 0;
		};
/* End PBXFrameworksBuildPhase section */

/* Begin PBXGroup section */
		59364FF724C4A70F00DC4C41 /* Assets */ = {
			isa = PBXGroup;
			children = (
				59364FF824C4A7AC00DC4C41 /* background.jpg */,
			);
			path = Assets;
			sourceTree = "<group>";
		};
		59364FFC24C51CFF00DC4C41 /* Models */ = {
			isa = PBXGroup;
			children = (
				59D48E0324C643D3006692AB /* APIResponses.swift */,
				5968B5E524D70ACF0015FEB1 /* Category.swift */,
			);
			path = Models;
			sourceTree = "<group>";
		};
		5936500324C51F3000DC4C41 /* Managers */ = {
			isa = PBXGroup;
			children = (
				59D48E0924C646CA006692AB /* NetworkManager.swift */,
			);
			path = Managers;
			sourceTree = "<group>";
		};
		5936500424C520D100DC4C41 /* Home */ = {
			isa = PBXGroup;
			children = (
				5936500E24C52B4C00DC4C41 /* HomeViewController copy.swift */,
				5936501024C537DD00DC4C41 /* HomeCell.swift */,
			);
			path = Home;
			sourceTree = "<group>";
		};
		5968B5E724D77C9A0015FEB1 /* Vehicles */ = {
			isa = PBXGroup;
			children = (
				5968B5E824D77CAE0015FEB1 /* VehiclesVC.swift */,
				5968B5EA24D77D070015FEB1 /* VehicleCell.swift */,
			);
			path = Vehicles;
			sourceTree = "<group>";
		};
		59D48DFE24C631B7006692AB /* Films */ = {
			isa = PBXGroup;
			children = (
				59D48E0124C64216006692AB /* FilmViewController.swift */,
				59D48E1024C6C5CC006692AB /* DetailedFilmVC.swift */,
				59D48E0724C64492006692AB /* FilmCell.swift */,
			);
			path = Films;
			sourceTree = "<group>";
		};
		59D48E0B24C692C8006692AB /* People */ = {
			isa = PBXGroup;
			children = (
				59D48E0C24C692F5006692AB /* PeopleTableVC.swift */,
				59D48E0E24C69633006692AB /* PeopleCell.swift */,
			);
			path = People;
			sourceTree = "<group>";
		};
		59D48E1224C7303A006692AB /* Planets */ = {
			isa = PBXGroup;
			children = (
				59DA8A9424CA39F10006C626 /* PlanetVC.swift */,
				59DA8A9624CA3A130006C626 /* PlanetCell.swift */,
			);
			path = Planets;
			sourceTree = "<group>";
		};
		59DA8A9824CA51720006C626 /* Starships */ = {
			isa = PBXGroup;
			children = (
				59DA8A9924CA51860006C626 /* StarshipsVC.swift */,
				59DA8A9B24CA51980006C626 /* StarshipCell.swift */,
			);
			path = Starships;
			sourceTree = "<group>";
		};
		59DA8A9D24CA6D410006C626 /* Species */ = {
			isa = PBXGroup;
			children = (
				59DA8AA024CA6D750006C626 /* SpeciesVC.swift */,
				59DA8A9E24CA6D610006C626 /* SpeciesCell.swift */,
			);
			path = Species;
			sourceTree = "<group>";
		};
		59FE85F524C2A47B00758B49 = {
			isa = PBXGroup;
			children = (
				59695E4924D5ADE600BBDAD5 /* Default-568h@2x.png */,
				59FE860024C2A47B00758B49 /* StarWarsApp */,
				59FE85FF24C2A47B00758B49 /* Products */,
			);
			sourceTree = "<group>";
		};
		59FE85FF24C2A47B00758B49 /* Products */ = {
			isa = PBXGroup;
			children = (
				59FE85FE24C2A47B00758B49 /* StarWarsApp.app */,
			);
			name = Products;
			sourceTree = "<group>";
		};
		59FE860024C2A47B00758B49 /* StarWarsApp */ = {
			isa = PBXGroup;
			children = (
				78C2842624D5F25B008957B0 /* Info.plist */,
				59FE860124C2A47B00758B49 /* AppDelegate.swift */,
				59364FF424C4A3A700DC4C41 /* MainViewController.swift */,
				5968B5E724D77C9A0015FEB1 /* Vehicles */,
				59DA8A9D24CA6D410006C626 /* Species */,
				59DA8A9824CA51720006C626 /* Starships */,
				59D48E1224C7303A006692AB /* Planets */,
				59D48DFE24C631B7006692AB /* Films */,
				59D48E0B24C692C8006692AB /* People */,
				5936500424C520D100DC4C41 /* Home */,
				5936500324C51F3000DC4C41 /* Managers */,
				59364FFC24C51CFF00DC4C41 /* Models */,
				59364FF724C4A70F00DC4C41 /* Assets */,
				59FE860724C2A47B00758B49 /* Main.storyboard */,
				59FE860A24C2A47F00758B49 /* Assets.xcassets */,
				59FE860C24C2A47F00758B49 /* LaunchScreen.storyboard */,
			);
			path = StarWarsApp;
			sourceTree = "<group>";
		};
/* End PBXGroup section */

/* Begin PBXNativeTarget section */
		59FE85FD24C2A47B00758B49 /* StarWarsApp */ = {
			isa = PBXNativeTarget;
			buildConfigurationList = 59FE861224C2A47F00758B49 /* Build configuration list for PBXNativeTarget "StarWarsApp" */;
			buildPhases = (
				59FE85FA24C2A47B00758B49 /* Sources */,
				59FE85FB24C2A47B00758B49 /* Frameworks */,
				59FE85FC24C2A47B00758B49 /* Resources */,
			);
			buildRules = (
			);
			dependencies = (
			);
			name = StarWarsApp;
			productName = StarWarsApp;
			productReference = 59FE85FE24C2A47B00758B49 /* StarWarsApp.app */;
			productType = "com.apple.product-type.application";
		};
/* End PBXNativeTarget section */

/* Begin PBXProject section */
		59FE85F624C2A47B00758B49 /* Project object */ = {
			isa = PBXProject;
			attributes = {
				LastSwiftUpdateCheck = 1140;
				LastUpgradeCheck = 1140;
				ORGANIZATIONNAME = "Darko Stojanov";
				TargetAttributes = {
					59FE85FD24C2A47B00758B49 = {
						CreatedOnToolsVersion = 11.4.1;
					};
				};
			};
			buildConfigurationList = 59FE85F924C2A47B00758B49 /* Build configuration list for PBXProject "StarWarsApp" */;
			compatibilityVersion = "Xcode 9.3";
			developmentRegion = en;
			hasScannedForEncodings = 0;
			knownRegions = (
				en,
				Base,
			);
			mainGroup = 59FE85F524C2A47B00758B49;
			productRefGroup = 59FE85FF24C2A47B00758B49 /* Products */;
			projectDirPath = "";
			projectRoot = "";
			targets = (
				59FE85FD24C2A47B00758B49 /* StarWarsApp */,
			);
		};
/* End PBXProject section */

/* Begin PBXResourcesBuildPhase section */
		59FE85FC24C2A47B00758B49 /* Resources */ = {
			isa = PBXResourcesBuildPhase;
			buildActionMask = 2147483647;
			files = (
				59364FF924C4A7AC00DC4C41 /* background.jpg in Resources */,
				59FE860E24C2A47F00758B49 /* LaunchScreen.storyboard in Resources */,
				59FE860B24C2A47F00758B49 /* Assets.xcassets in Resources */,
				59695E4A24D5ADE600BBDAD5 /* Default-568h@2x.png in Resources */,
				59FE860924C2A47B00758B49 /* Main.storyboard in Resources */,
			);
			runOnlyForDeploymentPostprocessing = 0;
		};
/* End PBXResourcesBuildPhase section */

/* Begin PBXSourcesBuildPhase section */
		59FE85FA24C2A47B00758B49 /* Sources */ = {
			isa = PBXSourcesBuildPhase;
			buildActionMask = 2147483647;
			files = (
				5968B5CC24D70A320015FEB1 /* AppDelegate.swift in Sources */,
				5968B5CD24D70A320015FEB1 /* MainViewController.swift in Sources */,
				5968B5E624D70ACF0015FEB1 /* Category.swift in Sources */,
				5968B5E924D77CAE0015FEB1 /* VehiclesVC.swift in Sources */,
				5968B5CE24D70A320015FEB1 /* SpeciesCell.swift in Sources */,
				5968B5CF24D70A320015FEB1 /* SpeciesVC.swift in Sources */,
				5968B5D024D70A320015FEB1 /* StarshipsVC.swift in Sources */,
				5968B5D124D70A320015FEB1 /* StarshipCell.swift in Sources */,
				5968B5D224D70A320015FEB1 /* PlanetVC.swift in Sources */,
				5968B5EB24D77D070015FEB1 /* VehicleCell.swift in Sources */,
				5968B5D324D70A320015FEB1 /* PlanetCell.swift in Sources */,
				5968B5D424D70A320015FEB1 /* FilmViewController.swift in Sources */,
				5968B5D524D70A320015FEB1 /* DetailedFilmVC.swift in Sources */,
				5968B5D624D70A320015FEB1 /* FilmCell.swift in Sources */,
				5968B5D724D70A320015FEB1 /* PeopleTableVC.swift in Sources */,
				5968B5D824D70A320015FEB1 /* PeopleCell.swift in Sources */,
				5968B5D924D70A320015FEB1 /* HomeViewController copy.swift in Sources */,
				5968B5DA24D70A320015FEB1 /* HomeCell.swift in Sources */,
				5968B5DB24D70A320015FEB1 /* NetworkManager.swift in Sources */,
				5968B5DD24D70A320015FEB1 /* APIResponses.swift in Sources */,
				5968B5DE24D70A320015FEB1 /* background.jpg in Sources */,
			);
			runOnlyForDeploymentPostprocessing = 0;
		};
/* End PBXSourcesBuildPhase section */

/* Begin PBXVariantGroup section */
		59FE860724C2A47B00758B49 /* Main.storyboard */ = {
			isa = PBXVariantGroup;
			children = (
				59FE860824C2A47B00758B49 /* Base */,
			);
			name = Main.storyboard;
			sourceTree = "<group>";
		};
		59FE860C24C2A47F00758B49 /* LaunchScreen.storyboard */ = {
			isa = PBXVariantGroup;
			children = (
				59FE860D24C2A47F00758B49 /* Base */,
			);
			name = LaunchScreen.storyboard;
			sourceTree = "<group>";
		};
/* End PBXVariantGroup section */

/* Begin XCBuildConfiguration section */
		59FE861024C2A47F00758B49 /* Debug */ = {
			isa = XCBuildConfiguration;
			buildSettings = {
				ALWAYS_SEARCH_USER_PATHS = NO;
				CLANG_ANALYZER_NONNULL = YES;
				CLANG_ANALYZER_NUMBER_OBJECT_CONVERSION = YES_AGGRESSIVE;
				CLANG_CXX_LANGUAGE_STANDARD = "gnu++14";
				CLANG_CXX_LIBRARY = "libc++";
				CLANG_ENABLE_MODULES = YES;
				CLANG_ENABLE_OBJC_ARC = YES;
				CLANG_ENABLE_OBJC_WEAK = YES;
				CLANG_WARN_BLOCK_CAPTURE_AUTORELEASING = YES;
				CLANG_WARN_BOOL_CONVERSION = YES;
				CLANG_WARN_COMMA = YES;
				CLANG_WARN_CONSTANT_CONVERSION = YES;
				CLANG_WARN_DEPRECATED_OBJC_IMPLEMENTATIONS = YES;
				CLANG_WARN_DIRECT_OBJC_ISA_USAGE = YES_ERROR;
				CLANG_WARN_DOCUMENTATION_COMMENTS = YES;
				CLANG_WARN_EMPTY_BODY = YES;
				CLANG_WARN_ENUM_CONVERSION = YES;
				CLANG_WARN_INFINITE_RECURSION = YES;
				CLANG_WARN_INT_CONVERSION = YES;
				CLANG_WARN_NON_LITERAL_NULL_CONVERSION = YES;
				CLANG_WARN_OBJC_IMPLICIT_RETAIN_SELF = YES;
				CLANG_WARN_OBJC_LITERAL_CONVERSION = YES;
				CLANG_WARN_OBJC_ROOT_CLASS = YES_ERROR;
				CLANG_WARN_RANGE_LOOP_ANALYSIS = YES;
				CLANG_WARN_STRICT_PROTOTYPES = YES;
				CLANG_WARN_SUSPICIOUS_MOVE = YES;
				CLANG_WARN_UNGUARDED_AVAILABILITY = YES_AGGRESSIVE;
				CLANG_WARN_UNREACHABLE_CODE = YES;
				CLANG_WARN__DUPLICATE_METHOD_MATCH = YES;
				COPY_PHASE_STRIP = NO;
				DEBUG_INFORMATION_FORMAT = dwarf;
				ENABLE_STRICT_OBJC_MSGSEND = YES;
				ENABLE_TESTABILITY = YES;
				GCC_C_LANGUAGE_STANDARD = gnu11;
				GCC_DYNAMIC_NO_PIC = NO;
				GCC_NO_COMMON_BLOCKS = YES;
				GCC_OPTIMIZATION_LEVEL = 0;
				GCC_PREPROCESSOR_DEFINITIONS = (
					"DEBUG=1",
					"$(inherited)",
				);
				GCC_WARN_64_TO_32_BIT_CONVERSION = YES;
				GCC_WARN_ABOUT_RETURN_TYPE = YES_ERROR;
				GCC_WARN_UNDECLARED_SELECTOR = YES;
				GCC_WARN_UNINITIALIZED_AUTOS = YES_AGGRESSIVE;
				GCC_WARN_UNUSED_FUNCTION = YES;
				GCC_WARN_UNUSED_VARIABLE = YES;
				IPHONEOS_DEPLOYMENT_TARGET = 13.4;
				MTL_ENABLE_DEBUG_INFO = INCLUDE_SOURCE;
				MTL_FAST_MATH = YES;
				ONLY_ACTIVE_ARCH = YES;
				SDKROOT = iphoneos;
				SWIFT_ACTIVE_COMPILATION_CONDITIONS = DEBUG;
				SWIFT_OPTIMIZATION_LEVEL = "-Onone";
			};
			name = Debug;
		};
		59FE861124C2A47F00758B49 /* Release */ = {
			isa = XCBuildConfiguration;
			buildSettings = {
				ALWAYS_SEARCH_USER_PATHS = NO;
				CLANG_ANALYZER_NONNULL = YES;
				CLANG_ANALYZER_NUMBER_OBJECT_CONVERSION = YES_AGGRESSIVE;
				CLANG_CXX_LANGUAGE_STANDARD = "gnu++14";
				CLANG_CXX_LIBRARY = "libc++";
				CLANG_ENABLE_MODULES = YES;
				CLANG_ENABLE_OBJC_ARC = YES;
				CLANG_ENABLE_OBJC_WEAK = YES;
				CLANG_WARN_BLOCK_CAPTURE_AUTORELEASING = YES;
				CLANG_WARN_BOOL_CONVERSION = YES;
				CLANG_WARN_COMMA = YES;
				CLANG_WARN_CONSTANT_CONVERSION = YES;
				CLANG_WARN_DEPRECATED_OBJC_IMPLEMENTATIONS = YES;
				CLANG_WARN_DIRECT_OBJC_ISA_USAGE = YES_ERROR;
				CLANG_WARN_DOCUMENTATION_COMMENTS = YES;
				CLANG_WARN_EMPTY_BODY = YES;
				CLANG_WARN_ENUM_CONVERSION = YES;
				CLANG_WARN_INFINITE_RECURSION = YES;
				CLANG_WARN_INT_CONVERSION = YES;
				CLANG_WARN_NON_LITERAL_NULL_CONVERSION = YES;
				CLANG_WARN_OBJC_IMPLICIT_RETAIN_SELF = YES;
				CLANG_WARN_OBJC_LITERAL_CONVERSION = YES;
				CLANG_WARN_OBJC_ROOT_CLASS = YES_ERROR;
				CLANG_WARN_RANGE_LOOP_ANALYSIS = YES;
				CLANG_WARN_STRICT_PROTOTYPES = YES;
				CLANG_WARN_SUSPICIOUS_MOVE = YES;
				CLANG_WARN_UNGUARDED_AVAILABILITY = YES_AGGRESSIVE;
				CLANG_WARN_UNREACHABLE_CODE = YES;
				CLANG_WARN__DUPLICATE_METHOD_MATCH = YES;
				COPY_PHASE_STRIP = NO;
				DEBUG_INFORMATION_FORMAT = "dwarf-with-dsym";
				ENABLE_NS_ASSERTIONS = NO;
				ENABLE_STRICT_OBJC_MSGSEND = YES;
				GCC_C_LANGUAGE_STANDARD = gnu11;
				GCC_NO_COMMON_BLOCKS = YES;
				GCC_WARN_64_TO_32_BIT_CONVERSION = YES;
				GCC_WARN_ABOUT_RETURN_TYPE = YES_ERROR;
				GCC_WARN_UNDECLARED_SELECTOR = YES;
				GCC_WARN_UNINITIALIZED_AUTOS = YES_AGGRESSIVE;
				GCC_WARN_UNUSED_FUNCTION = YES;
				GCC_WARN_UNUSED_VARIABLE = YES;
				IPHONEOS_DEPLOYMENT_TARGET = 13.4;
				MTL_ENABLE_DEBUG_INFO = NO;
				MTL_FAST_MATH = YES;
				SDKROOT = iphoneos;
				SWIFT_COMPILATION_MODE = wholemodule;
				SWIFT_OPTIMIZATION_LEVEL = "-O";
				VALIDATE_PRODUCT = YES;
			};
			name = Release;
		};
		59FE861324C2A47F00758B49 /* Debug */ = {
			isa = XCBuildConfiguration;
			buildSettings = {
				ASSETCATALOG_COMPILER_APPICON_NAME = AppIcon;
				CODE_SIGN_STYLE = Automatic;
				DEVELOPMENT_TEAM = SWX56WSKT4;
				INFOPLIST_FILE = StarWarsApp/Info.plist;
				IPHONEOS_DEPLOYMENT_TARGET = 12.0;
				LD_RUNPATH_SEARCH_PATHS = (
					"$(inherited)",
					"@executable_path/Frameworks",
				);
				PRODUCT_BUNDLE_IDENTIFIER = darkoStojanov.StarWarsApp;
				PRODUCT_NAME = "$(TARGET_NAME)";
				SWIFT_VERSION = 5.0;
				TARGETED_DEVICE_FAMILY = "1,2";
			};
			name = Debug;
		};
		59FE861424C2A47F00758B49 /* Release */ = {
			isa = XCBuildConfiguration;
			buildSettings = {
				ASSETCATALOG_COMPILER_APPICON_NAME = AppIcon;
				CODE_SIGN_STYLE = Automatic;
				DEVELOPMENT_TEAM = SWX56WSKT4;
				INFOPLIST_FILE = StarWarsApp/Info.plist;
				IPHONEOS_DEPLOYMENT_TARGET = 12.0;
				LD_RUNPATH_SEARCH_PATHS = (
					"$(inherited)",
					"@executable_path/Frameworks",
				);
				PRODUCT_BUNDLE_IDENTIFIER = darkoStojanov.StarWarsApp;
				PRODUCT_NAME = "$(TARGET_NAME)";
				SWIFT_VERSION = 5.0;
				TARGETED_DEVICE_FAMILY = "1,2";
			};
			name = Release;
		};
/* End XCBuildConfiguration section */

/* Begin XCConfigurationList section */
		59FE85F924C2A47B00758B49 /* Build configuration list for PBXProject "StarWarsApp" */ = {
			isa = XCConfigurationList;
			buildConfigurations = (
				59FE861024C2A47F00758B49 /* Debug */,
				59FE861124C2A47F00758B49 /* Release */,
			);
			defaultConfigurationIsVisible = 0;
			defaultConfigurationName = Release;
		};
		59FE861224C2A47F00758B49 /* Build configuration list for PBXNativeTarget "StarWarsApp" */ = {
			isa = XCConfigurationList;
			buildConfigurations = (
				59FE861324C2A47F00758B49 /* Debug */,
				59FE861424C2A47F00758B49 /* Release */,
			);
			defaultConfigurationIsVisible = 0;
			defaultConfigurationName = Release;
		};
/* End XCConfigurationList section */
	};
	rootObject = 59FE85F624C2A47B00758B49 /* Project object */;
}
